// !$*UTF8*$!
{
	archiveVersion = 1;
	classes = {
	};
	objectVersion = 56;
	objects = {

/* Begin PBXBuildFile section */
		A502137C29A54A2C005C7889 /* AuthViewController.swift in Sources */ = {isa = PBXBuildFile; fileRef = A502137B29A54A2C005C7889 /* AuthViewController.swift */; };
		A5099B7E29AD103F00BC94CA /* OAuth2Service.swift in Sources */ = {isa = PBXBuildFile; fileRef = A5099B7C29ACFC2B00BC94CA /* OAuth2Service.swift */; };
		A5335C5F29867F6F00A00F4D /* ImagesListCell.swift in Sources */ = {isa = PBXBuildFile; fileRef = A5335C5E29867F6F00A00F4D /* ImagesListCell.swift */; };
		A53DF18D29B5F30600F70B36 /* UIBlockingProgressHUD.swift in Sources */ = {isa = PBXBuildFile; fileRef = A53DF18C29B5F30500F70B36 /* UIBlockingProgressHUD.swift */; };
		A54CA14829A6097C00F13EDF /* WebViewViewController.swift in Sources */ = {isa = PBXBuildFile; fileRef = A54CA14729A6097C00F13EDF /* WebViewViewController.swift */; };
		A54DA45B29AE1EC10076167C /* OAuth2TokenStorage.swift in Sources */ = {isa = PBXBuildFile; fileRef = A54DA45A29AE1EC10076167C /* OAuth2TokenStorage.swift */; };
		A577B64629A275EA00EEB1E8 /* Constants.swift in Sources */ = {isa = PBXBuildFile; fileRef = A577B64529A275EA00EEB1E8 /* Constants.swift */; };
		A577D4B8297D417100F2B4EA /* AppDelegate.swift in Sources */ = {isa = PBXBuildFile; fileRef = A577D4B7297D417100F2B4EA /* AppDelegate.swift */; };
		A577D4BA297D417100F2B4EA /* SceneDelegate.swift in Sources */ = {isa = PBXBuildFile; fileRef = A577D4B9297D417100F2B4EA /* SceneDelegate.swift */; };
		A577D4BC297D417100F2B4EA /* ImagesListViewController.swift in Sources */ = {isa = PBXBuildFile; fileRef = A577D4BB297D417100F2B4EA /* ImagesListViewController.swift */; };
		A577D4BF297D417100F2B4EA /* Main.storyboard in Resources */ = {isa = PBXBuildFile; fileRef = A577D4BD297D417100F2B4EA /* Main.storyboard */; };
		A577D4C1297D417500F2B4EA /* Assets.xcassets in Resources */ = {isa = PBXBuildFile; fileRef = A577D4C0297D417500F2B4EA /* Assets.xcassets */; };
		A577D4C4297D417500F2B4EA /* LaunchScreen.storyboard in Resources */ = {isa = PBXBuildFile; fileRef = A577D4C2297D417500F2B4EA /* LaunchScreen.storyboard */; };
		A580127F29BA1AD000879150 /* ProfileImageService.swift in Sources */ = {isa = PBXBuildFile; fileRef = A580127E29BA1AD000879150 /* ProfileImageService.swift */; };
		A58C4756299D2E27005789CC /* SFProDisplay-Regular.ttf in Resources */ = {isa = PBXBuildFile; fileRef = A58C4755299D2E27005789CC /* SFProDisplay-Regular.ttf */; };
		A58C4758299D2E51005789CC /* SFProDisplay-Bold.ttf in Resources */ = {isa = PBXBuildFile; fileRef = A58C4757299D2E51005789CC /* SFProDisplay-Bold.ttf */; };
		A58C475B299D30E8005789CC /* UIColor.swift in Sources */ = {isa = PBXBuildFile; fileRef = A58C475A299D30E8005789CC /* UIColor.swift */; };
		A59DFD0F298FA18300959788 /* SingleImageViewController.swift in Sources */ = {isa = PBXBuildFile; fileRef = A59DFD0E298FA18300959788 /* SingleImageViewController.swift */; };
		A5C9C6DB29B7734C00141640 /* ProfileService.swift in Sources */ = {isa = PBXBuildFile; fileRef = A5C9C6DA29B7734C00141640 /* ProfileService.swift */; };
		A5CD18F829B4867800FAB777 /* ProgressHUD in Frameworks */ = {isa = PBXBuildFile; productRef = A5CD18F729B4867800FAB777 /* ProgressHUD */; };
		A5D8472729AF33B50057805A /* SplashViewController.swift in Sources */ = {isa = PBXBuildFile; fileRef = A5D8472629AF33B50057805A /* SplashViewController.swift */; };
		A5DECBF329BDC95D005EC5F1 /* Kingfisher in Frameworks */ = {isa = PBXBuildFile; productRef = A5DECBF229BDC95D005EC5F1 /* Kingfisher */; };
		A5E1CE7F298D082700ECE9BF /* ProfileViewController.swift in Sources */ = {isa = PBXBuildFile; fileRef = A5E1CE7E298D082700ECE9BF /* ProfileViewController.swift */; };
/* End PBXBuildFile section */

/* Begin PBXFileReference section */
		A502137B29A54A2C005C7889 /* AuthViewController.swift */ = {isa = PBXFileReference; lastKnownFileType = sourcecode.swift; path = AuthViewController.swift; sourceTree = "<group>"; };
		A5099B7C29ACFC2B00BC94CA /* OAuth2Service.swift */ = {isa = PBXFileReference; lastKnownFileType = sourcecode.swift; path = OAuth2Service.swift; sourceTree = "<group>"; };
		A5335C5E29867F6F00A00F4D /* ImagesListCell.swift */ = {isa = PBXFileReference; lastKnownFileType = sourcecode.swift; path = ImagesListCell.swift; sourceTree = "<group>"; };
		A53DF18C29B5F30500F70B36 /* UIBlockingProgressHUD.swift */ = {isa = PBXFileReference; lastKnownFileType = sourcecode.swift; path = UIBlockingProgressHUD.swift; sourceTree = "<group>"; };
		A54CA14729A6097C00F13EDF /* WebViewViewController.swift */ = {isa = PBXFileReference; lastKnownFileType = sourcecode.swift; path = WebViewViewController.swift; sourceTree = "<group>"; };
		A54DA45A29AE1EC10076167C /* OAuth2TokenStorage.swift */ = {isa = PBXFileReference; lastKnownFileType = sourcecode.swift; path = OAuth2TokenStorage.swift; sourceTree = "<group>"; };
		A577B64529A275EA00EEB1E8 /* Constants.swift */ = {isa = PBXFileReference; lastKnownFileType = sourcecode.swift; path = Constants.swift; sourceTree = "<group>"; };
		A577D4B4297D417100F2B4EA /* ImageFeed.app */ = {isa = PBXFileReference; explicitFileType = wrapper.application; includeInIndex = 0; path = ImageFeed.app; sourceTree = BUILT_PRODUCTS_DIR; };
		A577D4B7297D417100F2B4EA /* AppDelegate.swift */ = {isa = PBXFileReference; lastKnownFileType = sourcecode.swift; path = AppDelegate.swift; sourceTree = "<group>"; };
		A577D4B9297D417100F2B4EA /* SceneDelegate.swift */ = {isa = PBXFileReference; lastKnownFileType = sourcecode.swift; path = SceneDelegate.swift; sourceTree = "<group>"; };
		A577D4BB297D417100F2B4EA /* ImagesListViewController.swift */ = {isa = PBXFileReference; lastKnownFileType = sourcecode.swift; path = ImagesListViewController.swift; sourceTree = "<group>"; };
		A577D4BE297D417100F2B4EA /* Base */ = {isa = PBXFileReference; lastKnownFileType = file.storyboard; name = Base; path = Base.lproj/Main.storyboard; sourceTree = "<group>"; };
		A577D4C0297D417500F2B4EA /* Assets.xcassets */ = {isa = PBXFileReference; lastKnownFileType = folder.assetcatalog; path = Assets.xcassets; sourceTree = "<group>"; };
		A577D4C3297D417500F2B4EA /* Base */ = {isa = PBXFileReference; lastKnownFileType = file.storyboard; name = Base; path = Base.lproj/LaunchScreen.storyboard; sourceTree = "<group>"; };
		A577D4C5297D417500F2B4EA /* Info.plist */ = {isa = PBXFileReference; lastKnownFileType = text.plist.xml; path = Info.plist; sourceTree = "<group>"; };
		A580127E29BA1AD000879150 /* ProfileImageService.swift */ = {isa = PBXFileReference; lastKnownFileType = sourcecode.swift; path = ProfileImageService.swift; sourceTree = "<group>"; };
		A58C4755299D2E27005789CC /* SFProDisplay-Regular.ttf */ = {isa = PBXFileReference; lastKnownFileType = file; path = "SFProDisplay-Regular.ttf"; sourceTree = "<group>"; };
		A58C4757299D2E51005789CC /* SFProDisplay-Bold.ttf */ = {isa = PBXFileReference; lastKnownFileType = file; path = "SFProDisplay-Bold.ttf"; sourceTree = "<group>"; };
		A58C475A299D30E8005789CC /* UIColor.swift */ = {isa = PBXFileReference; lastKnownFileType = sourcecode.swift; path = UIColor.swift; sourceTree = "<group>"; };
		A59DFD0E298FA18300959788 /* SingleImageViewController.swift */ = {isa = PBXFileReference; lastKnownFileType = sourcecode.swift; path = SingleImageViewController.swift; sourceTree = "<group>"; };
		A5C9C6DA29B7734C00141640 /* ProfileService.swift */ = {isa = PBXFileReference; lastKnownFileType = sourcecode.swift; path = ProfileService.swift; sourceTree = "<group>"; };
		A5D8472629AF33B50057805A /* SplashViewController.swift */ = {isa = PBXFileReference; lastKnownFileType = sourcecode.swift; path = SplashViewController.swift; sourceTree = "<group>"; };
		A5E1CE7E298D082700ECE9BF /* ProfileViewController.swift */ = {isa = PBXFileReference; lastKnownFileType = sourcecode.swift; path = ProfileViewController.swift; sourceTree = "<group>"; };
/* End PBXFileReference section */

/* Begin PBXFrameworksBuildPhase section */
		A577D4B1297D417100F2B4EA /* Frameworks */ = {
			isa = PBXFrameworksBuildPhase;
			buildActionMask = 2147483647;
			files = (
				A5DECBF329BDC95D005EC5F1 /* Kingfisher in Frameworks */,
				A5CD18F829B4867800FAB777 /* ProgressHUD in Frameworks */,
			);
			runOnlyForDeploymentPostprocessing = 0;
		};
/* End PBXFrameworksBuildPhase section */

/* Begin PBXGroup section */
		A5174AE829A5516B009640EE /* Auth */ = {
			isa = PBXGroup;
			children = (
				A502137B29A54A2C005C7889 /* AuthViewController.swift */,
				A54CA14729A6097C00F13EDF /* WebViewViewController.swift */,
				A5099B7C29ACFC2B00BC94CA /* OAuth2Service.swift */,
			);
			path = Auth;
			sourceTree = "<group>";
		};
		A5335C6029867FA800A00F4D /* ImageList */ = {
			isa = PBXGroup;
			children = (
				A577D4BB297D417100F2B4EA /* ImagesListViewController.swift */,
				A5335C5E29867F6F00A00F4D /* ImagesListCell.swift */,
				A5E1CE7E298D082700ECE9BF /* ProfileViewController.swift */,
				A59DFD0E298FA18300959788 /* SingleImageViewController.swift */,
			);
			path = ImageList;
			sourceTree = "<group>";
		};
		A577D4AB297D417000F2B4EA = {
			isa = PBXGroup;
			children = (
				A5C9C6D929B7732B00141640 /* ProfileService */,
				A58C4759299D30CB005789CC /* Helper */,
				A577D4B6297D417100F2B4EA /* ImageFeed */,
				A577D4B5297D417100F2B4EA /* Products */,
			);
			sourceTree = "<group>";
		};
		A577D4B5297D417100F2B4EA /* Products */ = {
			isa = PBXGroup;
			children = (
				A577D4B4297D417100F2B4EA /* ImageFeed.app */,
			);
			name = Products;
			sourceTree = "<group>";
		};
		A577D4B6297D417100F2B4EA /* ImageFeed */ = {
			isa = PBXGroup;
			children = (
				A577D4B7297D417100F2B4EA /* AppDelegate.swift */,
				A577D4B9297D417100F2B4EA /* SceneDelegate.swift */,
				A58C4754299D2B61005789CC /* Resources */,
				A5D8472529AF33990057805A /* Splash */,
				A5174AE829A5516B009640EE /* Auth */,
				A5335C6029867FA800A00F4D /* ImageList */,
				A577D4BD297D417100F2B4EA /* Main.storyboard */,
				A577D4C0297D417500F2B4EA /* Assets.xcassets */,
				A577D4C2297D417500F2B4EA /* LaunchScreen.storyboard */,
				A577D4C5297D417500F2B4EA /* Info.plist */,
			);
			path = ImageFeed;
			sourceTree = "<group>";
		};
		A58C4754299D2B61005789CC /* Resources */ = {
			isa = PBXGroup;
			children = (
				A58C4757299D2E51005789CC /* SFProDisplay-Bold.ttf */,
				A58C4755299D2E27005789CC /* SFProDisplay-Regular.ttf */,
			);
			path = Resources;
			sourceTree = "<group>";
		};
		A58C4759299D30CB005789CC /* Helper */ = {
			isa = PBXGroup;
			children = (
				A58C475A299D30E8005789CC /* UIColor.swift */,
				A577B64529A275EA00EEB1E8 /* Constants.swift */,
				A54DA45A29AE1EC10076167C /* OAuth2TokenStorage.swift */,
				A53DF18C29B5F30500F70B36 /* UIBlockingProgressHUD.swift */,
			);
			path = Helper;
			sourceTree = "<group>";
		};
		A5C9C6D929B7732B00141640 /* ProfileService */ = {
			isa = PBXGroup;
			children = (
				A5C9C6DA29B7734C00141640 /* ProfileService.swift */,
				A580127E29BA1AD000879150 /* ProfileImageService.swift */,
			);
			path = ProfileService;
			sourceTree = "<group>";
		};
		A5D8472529AF33990057805A /* Splash */ = {
			isa = PBXGroup;
			children = (
				A5D8472629AF33B50057805A /* SplashViewController.swift */,
			);
			path = Splash;
			sourceTree = "<group>";
		};
/* End PBXGroup section */

/* Begin PBXNativeTarget section */
		A577D4B3297D417100F2B4EA /* ImageFeed */ = {
			isa = PBXNativeTarget;
			buildConfigurationList = A577D4C8297D417500F2B4EA /* Build configuration list for PBXNativeTarget "ImageFeed" */;
			buildPhases = (
				A577D4B0297D417100F2B4EA /* Sources */,
				A577D4B1297D417100F2B4EA /* Frameworks */,
				A577D4B2297D417100F2B4EA /* Resources */,
			);
			buildRules = (
			);
			dependencies = (
			);
			name = ImageFeed;
			packageProductDependencies = (
				A5CD18F729B4867800FAB777 /* ProgressHUD */,
				A5DECBF229BDC95D005EC5F1 /* Kingfisher */,
			);
			productName = ImageFeed;
			productReference = A577D4B4297D417100F2B4EA /* ImageFeed.app */;
			productType = "com.apple.product-type.application";
		};
/* End PBXNativeTarget section */

/* Begin PBXProject section */
		A577D4AC297D417000F2B4EA /* Project object */ = {
			isa = PBXProject;
			attributes = {
				BuildIndependentTargetsInParallel = 1;
				LastSwiftUpdateCheck = 1420;
				LastUpgradeCheck = 1420;
				TargetAttributes = {
					A577D4B3297D417100F2B4EA = {
						CreatedOnToolsVersion = 14.2;
					};
				};
			};
			buildConfigurationList = A577D4AF297D417000F2B4EA /* Build configuration list for PBXProject "ImageFeed" */;
			compatibilityVersion = "Xcode 14.0";
			developmentRegion = en;
			hasScannedForEncodings = 0;
			knownRegions = (
				en,
				Base,
			);
			mainGroup = A577D4AB297D417000F2B4EA;
			packageReferences = (
				A5CD18F629B4867800FAB777 /* XCRemoteSwiftPackageReference "ProgressHUD" */,
				A5DECBF129BDC95C005EC5F1 /* XCRemoteSwiftPackageReference "Kingfisher" */,
			);
			productRefGroup = A577D4B5297D417100F2B4EA /* Products */;
			projectDirPath = "";
			projectRoot = "";
			targets = (
				A577D4B3297D417100F2B4EA /* ImageFeed */,
			);
		};
/* End PBXProject section */

/* Begin PBXResourcesBuildPhase section */
		A577D4B2297D417100F2B4EA /* Resources */ = {
			isa = PBXResourcesBuildPhase;
			buildActionMask = 2147483647;
			files = (
				A577D4C4297D417500F2B4EA /* LaunchScreen.storyboard in Resources */,
				A577D4C1297D417500F2B4EA /* Assets.xcassets in Resources */,
				A58C4758299D2E51005789CC /* SFProDisplay-Bold.ttf in Resources */,
				A577D4BF297D417100F2B4EA /* Main.storyboard in Resources */,
				A58C4756299D2E27005789CC /* SFProDisplay-Regular.ttf in Resources */,
			);
			runOnlyForDeploymentPostprocessing = 0;
		};
/* End PBXResourcesBuildPhase section */

/* Begin PBXSourcesBuildPhase section */
		A577D4B0297D417100F2B4EA /* Sources */ = {
			isa = PBXSourcesBuildPhase;
			buildActionMask = 2147483647;
			files = (
				A54DA45B29AE1EC10076167C /* OAuth2TokenStorage.swift in Sources */,
				A54CA14829A6097C00F13EDF /* WebViewViewController.swift in Sources */,
				A577D4BC297D417100F2B4EA /* ImagesListViewController.swift in Sources */,
				A58C475B299D30E8005789CC /* UIColor.swift in Sources */,
				A5335C5F29867F6F00A00F4D /* ImagesListCell.swift in Sources */,
				A5099B7E29AD103F00BC94CA /* OAuth2Service.swift in Sources */,
				A5D8472729AF33B50057805A /* SplashViewController.swift in Sources */,
				A5E1CE7F298D082700ECE9BF /* ProfileViewController.swift in Sources */,
				A577D4B8297D417100F2B4EA /* AppDelegate.swift in Sources */,
				A580127F29BA1AD000879150 /* ProfileImageService.swift in Sources */,
				A59DFD0F298FA18300959788 /* SingleImageViewController.swift in Sources */,
				A577D4BA297D417100F2B4EA /* SceneDelegate.swift in Sources */,
				A502137C29A54A2C005C7889 /* AuthViewController.swift in Sources */,
				A577B64629A275EA00EEB1E8 /* Constants.swift in Sources */,
				A53DF18D29B5F30600F70B36 /* UIBlockingProgressHUD.swift in Sources */,
				A5C9C6DB29B7734C00141640 /* ProfileService.swift in Sources */,
			);
			runOnlyForDeploymentPostprocessing = 0;
		};
/* End PBXSourcesBuildPhase section */

/* Begin PBXVariantGroup section */
		A577D4BD297D417100F2B4EA /* Main.storyboard */ = {
			isa = PBXVariantGroup;
			children = (
				A577D4BE297D417100F2B4EA /* Base */,
			);
			name = Main.storyboard;
			sourceTree = "<group>";
		};
		A577D4C2297D417500F2B4EA /* LaunchScreen.storyboard */ = {
			isa = PBXVariantGroup;
			children = (
				A577D4C3297D417500F2B4EA /* Base */,
			);
			name = LaunchScreen.storyboard;
			sourceTree = "<group>";
		};
/* End PBXVariantGroup section */

/* Begin XCBuildConfiguration section */
		A577D4C6297D417500F2B4EA /* Debug */ = {
			isa = XCBuildConfiguration;
			buildSettings = {
				ALWAYS_SEARCH_USER_PATHS = NO;
				CLANG_ANALYZER_NONNULL = YES;
				CLANG_ANALYZER_NUMBER_OBJECT_CONVERSION = YES_AGGRESSIVE;
				CLANG_CXX_LANGUAGE_STANDARD = "gnu++20";
				CLANG_ENABLE_MODULES = YES;
				CLANG_ENABLE_OBJC_ARC = YES;
				CLANG_ENABLE_OBJC_WEAK = YES;
				CLANG_WARN_BLOCK_CAPTURE_AUTORELEASING = YES;
				CLANG_WARN_BOOL_CONVERSION = YES;
				CLANG_WARN_COMMA = YES;
				CLANG_WARN_CONSTANT_CONVERSION = YES;
				CLANG_WARN_DEPRECATED_OBJC_IMPLEMENTATIONS = YES;
				CLANG_WARN_DIRECT_OBJC_ISA_USAGE = YES_ERROR;
				CLANG_WARN_DOCUMENTATION_COMMENTS = YES;
				CLANG_WARN_EMPTY_BODY = YES;
				CLANG_WARN_ENUM_CONVERSION = YES;
				CLANG_WARN_INFINITE_RECURSION = YES;
				CLANG_WARN_INT_CONVERSION = YES;
				CLANG_WARN_NON_LITERAL_NULL_CONVERSION = YES;
				CLANG_WARN_OBJC_IMPLICIT_RETAIN_SELF = YES;
				CLANG_WARN_OBJC_LITERAL_CONVERSION = YES;
				CLANG_WARN_OBJC_ROOT_CLASS = YES_ERROR;
				CLANG_WARN_QUOTED_INCLUDE_IN_FRAMEWORK_HEADER = YES;
				CLANG_WARN_RANGE_LOOP_ANALYSIS = YES;
				CLANG_WARN_STRICT_PROTOTYPES = YES;
				CLANG_WARN_SUSPICIOUS_MOVE = YES;
				CLANG_WARN_UNGUARDED_AVAILABILITY = YES_AGGRESSIVE;
				CLANG_WARN_UNREACHABLE_CODE = YES;
				CLANG_WARN__DUPLICATE_METHOD_MATCH = YES;
				COPY_PHASE_STRIP = NO;
				DEBUG_INFORMATION_FORMAT = dwarf;
				ENABLE_STRICT_OBJC_MSGSEND = YES;
				ENABLE_TESTABILITY = YES;
				GCC_C_LANGUAGE_STANDARD = gnu11;
				GCC_DYNAMIC_NO_PIC = NO;
				GCC_NO_COMMON_BLOCKS = YES;
				GCC_OPTIMIZATION_LEVEL = 0;
				GCC_PREPROCESSOR_DEFINITIONS = (
					"DEBUG=1",
					"$(inherited)",
				);
				GCC_WARN_64_TO_32_BIT_CONVERSION = YES;
				GCC_WARN_ABOUT_RETURN_TYPE = YES_ERROR;
				GCC_WARN_UNDECLARED_SELECTOR = YES;
				GCC_WARN_UNINITIALIZED_AUTOS = YES_AGGRESSIVE;
				GCC_WARN_UNUSED_FUNCTION = YES;
				GCC_WARN_UNUSED_VARIABLE = YES;
				IPHONEOS_DEPLOYMENT_TARGET = 13.0;
				MTL_ENABLE_DEBUG_INFO = INCLUDE_SOURCE;
				MTL_FAST_MATH = YES;
				ONLY_ACTIVE_ARCH = YES;
				SDKROOT = iphoneos;
				SWIFT_ACTIVE_COMPILATION_CONDITIONS = DEBUG;
				SWIFT_OPTIMIZATION_LEVEL = "-Onone";
			};
			name = Debug;
		};
		A577D4C7297D417500F2B4EA /* Release */ = {
			isa = XCBuildConfiguration;
			buildSettings = {
				ALWAYS_SEARCH_USER_PATHS = NO;
				CLANG_ANALYZER_NONNULL = YES;
				CLANG_ANALYZER_NUMBER_OBJECT_CONVERSION = YES_AGGRESSIVE;
				CLANG_CXX_LANGUAGE_STANDARD = "gnu++20";
				CLANG_ENABLE_MODULES = YES;
				CLANG_ENABLE_OBJC_ARC = YES;
				CLANG_ENABLE_OBJC_WEAK = YES;
				CLANG_WARN_BLOCK_CAPTURE_AUTORELEASING = YES;
				CLANG_WARN_BOOL_CONVERSION = YES;
				CLANG_WARN_COMMA = YES;
				CLANG_WARN_CONSTANT_CONVERSION = YES;
				CLANG_WARN_DEPRECATED_OBJC_IMPLEMENTATIONS = YES;
				CLANG_WARN_DIRECT_OBJC_ISA_USAGE = YES_ERROR;
				CLANG_WARN_DOCUMENTATION_COMMENTS = YES;
				CLANG_WARN_EMPTY_BODY = YES;
				CLANG_WARN_ENUM_CONVERSION = YES;
				CLANG_WARN_INFINITE_RECURSION = YES;
				CLANG_WARN_INT_CONVERSION = YES;
				CLANG_WARN_NON_LITERAL_NULL_CONVERSION = YES;
				CLANG_WARN_OBJC_IMPLICIT_RETAIN_SELF = YES;
				CLANG_WARN_OBJC_LITERAL_CONVERSION = YES;
				CLANG_WARN_OBJC_ROOT_CLASS = YES_ERROR;
				CLANG_WARN_QUOTED_INCLUDE_IN_FRAMEWORK_HEADER = YES;
				CLANG_WARN_RANGE_LOOP_ANALYSIS = YES;
				CLANG_WARN_STRICT_PROTOTYPES = YES;
				CLANG_WARN_SUSPICIOUS_MOVE = YES;
				CLANG_WARN_UNGUARDED_AVAILABILITY = YES_AGGRESSIVE;
				CLANG_WARN_UNREACHABLE_CODE = YES;
				CLANG_WARN__DUPLICATE_METHOD_MATCH = YES;
				COPY_PHASE_STRIP = NO;
				DEBUG_INFORMATION_FORMAT = "dwarf-with-dsym";
				ENABLE_NS_ASSERTIONS = NO;
				ENABLE_STRICT_OBJC_MSGSEND = YES;
				GCC_C_LANGUAGE_STANDARD = gnu11;
				GCC_NO_COMMON_BLOCKS = YES;
				GCC_WARN_64_TO_32_BIT_CONVERSION = YES;
				GCC_WARN_ABOUT_RETURN_TYPE = YES_ERROR;
				GCC_WARN_UNDECLARED_SELECTOR = YES;
				GCC_WARN_UNINITIALIZED_AUTOS = YES_AGGRESSIVE;
				GCC_WARN_UNUSED_FUNCTION = YES;
				GCC_WARN_UNUSED_VARIABLE = YES;
				IPHONEOS_DEPLOYMENT_TARGET = 13.0;
				MTL_ENABLE_DEBUG_INFO = NO;
				MTL_FAST_MATH = YES;
				SDKROOT = iphoneos;
				SWIFT_COMPILATION_MODE = wholemodule;
				SWIFT_OPTIMIZATION_LEVEL = "-O";
				VALIDATE_PRODUCT = YES;
			};
			name = Release;
		};
		A577D4C9297D417500F2B4EA /* Debug */ = {
			isa = XCBuildConfiguration;
			buildSettings = {
				ASSETCATALOG_COMPILER_APPICON_NAME = AppIcon;
				ASSETCATALOG_COMPILER_GLOBAL_ACCENT_COLOR_NAME = AccentColor;
				CODE_SIGN_STYLE = Automatic;
				CURRENT_PROJECT_VERSION = 1;
				DEVELOPMENT_TEAM = 53LCYZJT66;
				GENERATE_INFOPLIST_FILE = YES;
				INFOPLIST_FILE = ImageFeed/Info.plist;
				INFOPLIST_KEY_UIApplicationSupportsIndirectInputEvents = YES;
				INFOPLIST_KEY_UILaunchStoryboardName = LaunchScreen;
				INFOPLIST_KEY_UIMainStoryboardFile = Main;
				INFOPLIST_KEY_UISupportedInterfaceOrientations = UIInterfaceOrientationPortrait;
				INFOPLIST_KEY_UISupportedInterfaceOrientations_iPad = "UIInterfaceOrientationLandscapeLeft UIInterfaceOrientationLandscapeRight UIInterfaceOrientationPortrait UIInterfaceOrientationPortraitUpsideDown";
				IPHONEOS_DEPLOYMENT_TARGET = 13.0;
				LD_RUNPATH_SEARCH_PATHS = (
					"$(inherited)",
					"@executable_path/Frameworks",
				);
				MARKETING_VERSION = 1.0;
				PRODUCT_BUNDLE_IDENTIFIER = ru.dkrshn.ImageFeed;
				PRODUCT_NAME = "$(TARGET_NAME)";
				SUPPORTED_PLATFORMS = "iphoneos iphonesimulator";
				SUPPORTS_MACCATALYST = NO;
				SUPPORTS_MAC_DESIGNED_FOR_IPHONE_IPAD = YES;
				SWIFT_EMIT_LOC_STRINGS = YES;
				SWIFT_VERSION = 5.0;
				TARGETED_DEVICE_FAMILY = 1;
			};
			name = Debug;
		};
		A577D4CA297D417500F2B4EA /* Release */ = {
			isa = XCBuildConfiguration;
			buildSettings = {
				ASSETCATALOG_COMPILER_APPICON_NAME = AppIcon;
				ASSETCATALOG_COMPILER_GLOBAL_ACCENT_COLOR_NAME = AccentColor;
				CODE_SIGN_STYLE = Automatic;
				CURRENT_PROJECT_VERSION = 1;
				DEVELOPMENT_TEAM = 53LCYZJT66;
				GENERATE_INFOPLIST_FILE = YES;
				INFOPLIST_FILE = ImageFeed/Info.plist;
				INFOPLIST_KEY_UIApplicationSupportsIndirectInputEvents = YES;
				INFOPLIST_KEY_UILaunchStoryboardName = LaunchScreen;
				INFOPLIST_KEY_UIMainStoryboardFile = Main;
				INFOPLIST_KEY_UISupportedInterfaceOrientations = UIInterfaceOrientationPortrait;
				INFOPLIST_KEY_UISupportedInterfaceOrientations_iPad = "UIInterfaceOrientationLandscapeLeft UIInterfaceOrientationLandscapeRight UIInterfaceOrientationPortrait UIInterfaceOrientationPortraitUpsideDown";
				IPHONEOS_DEPLOYMENT_TARGET = 13.0;
				LD_RUNPATH_SEARCH_PATHS = (
					"$(inherited)",
					"@executable_path/Frameworks",
				);
				MARKETING_VERSION = 1.0;
				PRODUCT_BUNDLE_IDENTIFIER = ru.dkrshn.ImageFeed;
				PRODUCT_NAME = "$(TARGET_NAME)";
				SUPPORTED_PLATFORMS = "iphoneos iphonesimulator";
				SUPPORTS_MACCATALYST = NO;
				SUPPORTS_MAC_DESIGNED_FOR_IPHONE_IPAD = YES;
				SWIFT_EMIT_LOC_STRINGS = YES;
				SWIFT_VERSION = 5.0;
				TARGETED_DEVICE_FAMILY = 1;
			};
			name = Release;
		};
/* End XCBuildConfiguration section */

/* Begin XCConfigurationList section */
		A577D4AF297D417000F2B4EA /* Build configuration list for PBXProject "ImageFeed" */ = {
			isa = XCConfigurationList;
			buildConfigurations = (
				A577D4C6297D417500F2B4EA /* Debug */,
				A577D4C7297D417500F2B4EA /* Release */,
			);
			defaultConfigurationIsVisible = 0;
			defaultConfigurationName = Release;
		};
		A577D4C8297D417500F2B4EA /* Build configuration list for PBXNativeTarget "ImageFeed" */ = {
			isa = XCConfigurationList;
			buildConfigurations = (
				A577D4C9297D417500F2B4EA /* Debug */,
				A577D4CA297D417500F2B4EA /* Release */,
			);
			defaultConfigurationIsVisible = 0;
			defaultConfigurationName = Release;
		};
/* End XCConfigurationList section */

/* Begin XCRemoteSwiftPackageReference section */
		A5CD18F629B4867800FAB777 /* XCRemoteSwiftPackageReference "ProgressHUD" */ = {
			isa = XCRemoteSwiftPackageReference;
			repositoryURL = "https://github.com/relatedcode/ProgressHUD";
			requirement = {
				kind = exactVersion;
				version = 13.6.1;
			};
		};
		A5DECBF129BDC95C005EC5F1 /* XCRemoteSwiftPackageReference "Kingfisher" */ = {
			isa = XCRemoteSwiftPackageReference;
			repositoryURL = "https://github.com/onevcat/Kingfisher";
			requirement = {
				kind = exactVersion;
				version = 7.6.2;
			};
		};
/* End XCRemoteSwiftPackageReference section */

/* Begin XCSwiftPackageProductDependency section */
		A5CD18F729B4867800FAB777 /* ProgressHUD */ = {
			isa = XCSwiftPackageProductDependency;
			package = A5CD18F629B4867800FAB777 /* XCRemoteSwiftPackageReference "ProgressHUD" */;
			productName = ProgressHUD;
		};
		A5DECBF229BDC95D005EC5F1 /* Kingfisher */ = {
			isa = XCSwiftPackageProductDependency;
			package = A5DECBF129BDC95C005EC5F1 /* XCRemoteSwiftPackageReference "Kingfisher" */;
			productName = Kingfisher;
		};
/* End XCSwiftPackageProductDependency section */
	};
	rootObject = A577D4AC297D417000F2B4EA /* Project object */;
}
